
Microsoft Visual Studio Solution File, Format Version 12.00
# Visual Studio 14
VisualStudioVersion = 14.0.24720.0
MinimumVisualStudioVersion = 10.0.40219.1
Project("{FAE04EC0-301F-11D3-BF4B-00C04F79EFBC}") = "RetroRPG", "RetroRPG\RetroRPG.csproj", "{8C3F868B-24EF-449B-9816-60CCF81F35D4}"
EndProject
Project("{FAE04EC0-301F-11D3-BF4B-00C04F79EFBC}") = "RetroRpgLevelEditor", "RetroRpgLevelEditor\RetroRpgLevelEditor\RetroRpgLevelEditor.csproj", "{A2A77049-D90D-4BF9-94C5-D6370C93B23F}"
EndProject
Project("{FAE04EC0-301F-11D3-BF4B-00C04F79EFBC}") = "RetroRpgAsciiDesigner", "RetroRpgAsciiDesigner\RetroRpgAsciiDesigner\RetroRpgAsciiDesigner.csproj", "{27DA0455-4A20-423E-96F9-5B2970843420}"
EndProject
Global
	GlobalSection(SolutionConfigurationPlatforms) = preSolution
		Debug|Any CPU = Debug|Any CPU
		Release|Any CPU = Release|Any CPU
	EndGlobalSection
	GlobalSection(ProjectConfigurationPlatforms) = postSolution
		{8C3F868B-24EF-449B-9816-60CCF81F35D4}.Debug|Any CPU.ActiveCfg = Debug|Any CPU
		{8C3F868B-24EF-449B-9816-60CCF81F35D4}.Debug|Any CPU.Build.0 = Debug|Any CPU
		{8C3F868B-24EF-449B-9816-60CCF81F35D4}.Release|Any CPU.ActiveCfg = Release|Any CPU
		{8C3F868B-24EF-449B-9816-60CCF81F35D4}.Release|Any CPU.Build.0 = Release|Any CPU
		{A2A77049-D90D-4BF9-94C5-D6370C93B23F}.Debug|Any CPU.ActiveCfg = Debug|Any CPU
		{A2A77049-D90D-4BF9-94C5-D6370C93B23F}.Debug|Any CPU.Build.0 = Debug|Any CPU
		{A2A77049-D90D-4BF9-94C5-D6370C93B23F}.Release|Any CPU.ActiveCfg = Release|Any CPU
		{A2A77049-D90D-4BF9-94C5-D6370C93B23F}.Release|Any CPU.Build.0 = Release|Any CPU
		{27DA0455-4A20-423E-96F9-5B2970843420}.Debug|Any CPU.ActiveCfg = Debug|Any CPU
		{27DA0455-4A20-423E-96F9-5B2970843420}.Debug|Any CPU.Build.0 = Debug|Any CPU
		{27DA0455-4A20-423E-96F9-5B2970843420}.Release|Any CPU.ActiveCfg = Release|Any CPU
		{27DA0455-4A20-423E-96F9-5B2970843420}.Release|Any CPU.Build.0 = Release|Any CPU
	EndGlobalSection
	GlobalSection(SolutionProperties) = preSolution
		HideSolutionNode = FALSE
	EndGlobalSection
EndGlobal
