
Microsoft Visual Studio Solution File, Format Version 12.00
# Visual Studio 14
VisualStudioVersion = 14.0.24720.0
MinimumVisualStudioVersion = 10.0.40219.1
Project("{FAE04EC0-301F-11D3-BF4B-00C04F79EFBC}") = "RetroRPG", "RetroRPG\RetroRPG.csproj", "{8C3F868B-24EF-449B-9816-60CCF81F35D4}"
EndProject
Project("{FAE04EC0-301F-11D3-BF4B-00C04F79EFBC}") = "RetroRpgLevelEditor", "RetroRpgLevelEditor\RetroRpgLevelEditor\RetroRpgLevelEditor.csproj", "{A2A77049-D90D-4BF9-94C5-D6370C93B23F}"
EndProject
Project("{FAE04EC0-301F-11D3-BF4B-00C04F79EFBC}") = "RetroRpgAsciiDesigner", "RetroRpgAsciiDesigner\RetroRpgAsciiDesigner\RetroRpgAsciiDesigner.csproj", "{27DA0455-4A20-423E-96F9-5B2970843420}"
EndProject
Project("{FAE04EC0-301F-11D3-BF4B-00C04F79EFBC}") = "RetroRpgAnimationDesigner", "RetroRpgAnimationDesigner\RetroRpgAnimationDesigner.csproj", "{D43FEB2D-BFA4-481B-B8E6-3606AB47CDD8}"
EndProject
Project("{FAE04EC0-301F-11D3-BF4B-00C04F79EFBC}") = "RetroRpgTextDesigner", "RetroRpgTextDesigner\RetroRpgTextDesigner.csproj", "{5FC91B9C-FAD1-4ABB-B748-AF9DF40256E4}"
EndProject
Project("{FAE04EC0-301F-11D3-BF4B-00C04F79EFBC}") = "RetroRPGLevelEditor2", "RetroRPGLevelEditor2\RetroRPGLevelEditor2.csproj", "{9BEEF6E1-7A0A-4421-A85C-91861ACAB2D9}"
EndProject
Global
	GlobalSection(SolutionConfigurationPlatforms) = preSolution
		Debug|Any CPU = Debug|Any CPU
		Debug|x64 = Debug|x64
		Release|Any CPU = Release|Any CPU
		Release|x64 = Release|x64
	EndGlobalSection
	GlobalSection(ProjectConfigurationPlatforms) = postSolution
		{8C3F868B-24EF-449B-9816-60CCF81F35D4}.Debug|Any CPU.ActiveCfg = Debug|Any CPU
		{8C3F868B-24EF-449B-9816-60CCF81F35D4}.Debug|Any CPU.Build.0 = Debug|Any CPU
		{8C3F868B-24EF-449B-9816-60CCF81F35D4}.Debug|x64.ActiveCfg = Debug|x64
		{8C3F868B-24EF-449B-9816-60CCF81F35D4}.Debug|x64.Build.0 = Debug|x64
		{8C3F868B-24EF-449B-9816-60CCF81F35D4}.Release|Any CPU.ActiveCfg = Release|Any CPU
		{8C3F868B-24EF-449B-9816-60CCF81F35D4}.Release|Any CPU.Build.0 = Release|Any CPU
		{8C3F868B-24EF-449B-9816-60CCF81F35D4}.Release|x64.ActiveCfg = Release|x64
		{8C3F868B-24EF-449B-9816-60CCF81F35D4}.Release|x64.Build.0 = Release|x64
		{A2A77049-D90D-4BF9-94C5-D6370C93B23F}.Debug|Any CPU.ActiveCfg = Debug|Any CPU
		{A2A77049-D90D-4BF9-94C5-D6370C93B23F}.Debug|Any CPU.Build.0 = Debug|Any CPU
		{A2A77049-D90D-4BF9-94C5-D6370C93B23F}.Debug|x64.ActiveCfg = Debug|x64
		{A2A77049-D90D-4BF9-94C5-D6370C93B23F}.Debug|x64.Build.0 = Debug|x64
		{A2A77049-D90D-4BF9-94C5-D6370C93B23F}.Release|Any CPU.ActiveCfg = Release|Any CPU
		{A2A77049-D90D-4BF9-94C5-D6370C93B23F}.Release|Any CPU.Build.0 = Release|Any CPU
		{A2A77049-D90D-4BF9-94C5-D6370C93B23F}.Release|x64.ActiveCfg = Release|x64
		{A2A77049-D90D-4BF9-94C5-D6370C93B23F}.Release|x64.Build.0 = Release|x64
		{27DA0455-4A20-423E-96F9-5B2970843420}.Debug|Any CPU.ActiveCfg = Debug|Any CPU
		{27DA0455-4A20-423E-96F9-5B2970843420}.Debug|Any CPU.Build.0 = Debug|Any CPU
		{27DA0455-4A20-423E-96F9-5B2970843420}.Debug|x64.ActiveCfg = Debug|x64
		{27DA0455-4A20-423E-96F9-5B2970843420}.Debug|x64.Build.0 = Debug|x64
		{27DA0455-4A20-423E-96F9-5B2970843420}.Release|Any CPU.ActiveCfg = Release|Any CPU
		{27DA0455-4A20-423E-96F9-5B2970843420}.Release|Any CPU.Build.0 = Release|Any CPU
		{27DA0455-4A20-423E-96F9-5B2970843420}.Release|x64.ActiveCfg = Release|x64
		{27DA0455-4A20-423E-96F9-5B2970843420}.Release|x64.Build.0 = Release|x64
		{D43FEB2D-BFA4-481B-B8E6-3606AB47CDD8}.Debug|Any CPU.ActiveCfg = Debug|Any CPU
		{D43FEB2D-BFA4-481B-B8E6-3606AB47CDD8}.Debug|Any CPU.Build.0 = Debug|Any CPU
		{D43FEB2D-BFA4-481B-B8E6-3606AB47CDD8}.Debug|x64.ActiveCfg = Debug|Any CPU
		{D43FEB2D-BFA4-481B-B8E6-3606AB47CDD8}.Debug|x64.Build.0 = Debug|Any CPU
		{D43FEB2D-BFA4-481B-B8E6-3606AB47CDD8}.Release|Any CPU.ActiveCfg = Release|Any CPU
		{D43FEB2D-BFA4-481B-B8E6-3606AB47CDD8}.Release|Any CPU.Build.0 = Release|Any CPU
		{D43FEB2D-BFA4-481B-B8E6-3606AB47CDD8}.Release|x64.ActiveCfg = Release|Any CPU
		{D43FEB2D-BFA4-481B-B8E6-3606AB47CDD8}.Release|x64.Build.0 = Release|Any CPU
		{5FC91B9C-FAD1-4ABB-B748-AF9DF40256E4}.Debug|Any CPU.ActiveCfg = Debug|Any CPU
		{5FC91B9C-FAD1-4ABB-B748-AF9DF40256E4}.Debug|Any CPU.Build.0 = Debug|Any CPU
		{5FC91B9C-FAD1-4ABB-B748-AF9DF40256E4}.Debug|x64.ActiveCfg = Debug|Any CPU
		{5FC91B9C-FAD1-4ABB-B748-AF9DF40256E4}.Debug|x64.Build.0 = Debug|Any CPU
		{5FC91B9C-FAD1-4ABB-B748-AF9DF40256E4}.Release|Any CPU.ActiveCfg = Release|Any CPU
		{5FC91B9C-FAD1-4ABB-B748-AF9DF40256E4}.Release|Any CPU.Build.0 = Release|Any CPU
		{5FC91B9C-FAD1-4ABB-B748-AF9DF40256E4}.Release|x64.ActiveCfg = Release|Any CPU
		{5FC91B9C-FAD1-4ABB-B748-AF9DF40256E4}.Release|x64.Build.0 = Release|Any CPU
		{9BEEF6E1-7A0A-4421-A85C-91861ACAB2D9}.Debug|Any CPU.ActiveCfg = Debug|Any CPU
		{9BEEF6E1-7A0A-4421-A85C-91861ACAB2D9}.Debug|Any CPU.Build.0 = Debug|Any CPU
		{9BEEF6E1-7A0A-4421-A85C-91861ACAB2D9}.Debug|x64.ActiveCfg = Debug|Any CPU
		{9BEEF6E1-7A0A-4421-A85C-91861ACAB2D9}.Debug|x64.Build.0 = Debug|Any CPU
		{9BEEF6E1-7A0A-4421-A85C-91861ACAB2D9}.Release|Any CPU.ActiveCfg = Release|Any CPU
		{9BEEF6E1-7A0A-4421-A85C-91861ACAB2D9}.Release|Any CPU.Build.0 = Release|Any CPU
		{9BEEF6E1-7A0A-4421-A85C-91861ACAB2D9}.Release|x64.ActiveCfg = Release|Any CPU
		{9BEEF6E1-7A0A-4421-A85C-91861ACAB2D9}.Release|x64.Build.0 = Release|Any CPU
	EndGlobalSection
	GlobalSection(SolutionProperties) = preSolution
		HideSolutionNode = FALSE
	EndGlobalSection
EndGlobal
