
Microsoft Visual Studio Solution File, Format Version 12.00
# Visual Studio Express 2013 for Windows Desktop
VisualStudioVersion = 12.0.31101.0
MinimumVisualStudioVersion = 10.0.40219.1
Project("{FAE04EC0-301F-11D3-BF4B-00C04F79EFBC}") = "RetroRpgLevelEditor", "RetroRpgLevelEditor\RetroRpgLevelEditor.csproj", "{A2A77049-D90D-4BF9-94C5-D6370C93B23F}"
EndProject
Global
	GlobalSection(SolutionConfigurationPlatforms) = preSolution
		Debug|Any CPU = Debug|Any CPU
		Release|Any CPU = Release|Any CPU
	EndGlobalSection
	GlobalSection(ProjectConfigurationPlatforms) = postSolution
		{A2A77049-D90D-4BF9-94C5-D6370C93B23F}.Debug|Any CPU.ActiveCfg = Debug|Any CPU
		{A2A77049-D90D-4BF9-94C5-D6370C93B23F}.Debug|Any CPU.Build.0 = Debug|Any CPU
		{A2A77049-D90D-4BF9-94C5-D6370C93B23F}.Release|Any CPU.ActiveCfg = Release|Any CPU
		{A2A77049-D90D-4BF9-94C5-D6370C93B23F}.Release|Any CPU.Build.0 = Release|Any CPU
	EndGlobalSection
	GlobalSection(SolutionProperties) = preSolution
		HideSolutionNode = FALSE
	EndGlobalSection
EndGlobal
